
Microsoft Visual Studio Solution File, Format Version 12.00
# Visual Studio Version 17
VisualStudioVersion = 17.14.36414.22
MinimumVisualStudioVersion = 10.0.40219.1
Project("{FAE04EC0-301F-11D3-BF4B-00C04F79EFBC}") = "HomeServer.API", "HomeServer.API\HomeServer.API.csproj", "{6A249FEB-EE9F-4F84-8155-D3F993177DB0}"
EndProject
Project("{FAE04EC0-301F-11D3-BF4B-00C04F79EFBC}") = "HomeServer.Domain", "HomeServer.Domain\HomeServer.Domain.csproj", "{FEE4C0C4-022C-43D7-BE91-23A7B0FE25E1}"
EndProject
Project("{FAE04EC0-301F-11D3-BF4B-00C04F79EFBC}") = "HomeServer.Infrastructure", "HomeServer.Infrastructure\HomeServer.Infrastructure.csproj", "{A5368F2A-66C0-4705-BA19-0178E913899E}"
EndProject
Project("{FAE04EC0-301F-11D3-BF4B-00C04F79EFBC}") = "HomeServer.Application", "HomeServer.Application\HomeServer.Application.csproj", "{339B7E0A-914B-4165-8AE2-6D05E852A11A}"
EndProject
Global
	GlobalSection(SolutionConfigurationPlatforms) = preSolution
		Debug|Any CPU = Debug|Any CPU
		Release|Any CPU = Release|Any CPU
	EndGlobalSection
	GlobalSection(ProjectConfigurationPlatforms) = postSolution
		{6A249FEB-EE9F-4F84-8155-D3F993177DB0}.Debug|Any CPU.ActiveCfg = Debug|Any CPU
		{6A249FEB-EE9F-4F84-8155-D3F993177DB0}.Debug|Any CPU.Build.0 = Debug|Any CPU
		{6A249FEB-EE9F-4F84-8155-D3F993177DB0}.Release|Any CPU.ActiveCfg = Release|Any CPU
		{6A249FEB-EE9F-4F84-8155-D3F993177DB0}.Release|Any CPU.Build.0 = Release|Any CPU
		{FEE4C0C4-022C-43D7-BE91-23A7B0FE25E1}.Debug|Any CPU.ActiveCfg = Debug|Any CPU
		{FEE4C0C4-022C-43D7-BE91-23A7B0FE25E1}.Debug|Any CPU.Build.0 = Debug|Any CPU
		{FEE4C0C4-022C-43D7-BE91-23A7B0FE25E1}.Release|Any CPU.ActiveCfg = Release|Any CPU
		{FEE4C0C4-022C-43D7-BE91-23A7B0FE25E1}.Release|Any CPU.Build.0 = Release|Any CPU
		{A5368F2A-66C0-4705-BA19-0178E913899E}.Debug|Any CPU.ActiveCfg = Debug|Any CPU
		{A5368F2A-66C0-4705-BA19-0178E913899E}.Debug|Any CPU.Build.0 = Debug|Any CPU
		{A5368F2A-66C0-4705-BA19-0178E913899E}.Release|Any CPU.ActiveCfg = Release|Any CPU
		{A5368F2A-66C0-4705-BA19-0178E913899E}.Release|Any CPU.Build.0 = Release|Any CPU
		{339B7E0A-914B-4165-8AE2-6D05E852A11A}.Debug|Any CPU.ActiveCfg = Debug|Any CPU
		{339B7E0A-914B-4165-8AE2-6D05E852A11A}.Debug|Any CPU.Build.0 = Debug|Any CPU
		{339B7E0A-914B-4165-8AE2-6D05E852A11A}.Release|Any CPU.ActiveCfg = Release|Any CPU
		{339B7E0A-914B-4165-8AE2-6D05E852A11A}.Release|Any CPU.Build.0 = Release|Any CPU
	EndGlobalSection
	GlobalSection(SolutionProperties) = preSolution
		HideSolutionNode = FALSE
	EndGlobalSection
	GlobalSection(ExtensibilityGlobals) = postSolution
		SolutionGuid = {1BBC28C0-D293-48DF-9A62-9C21C9CF3848}
	EndGlobalSection
EndGlobal
